
Microsoft Visual Studio Solution File, Format Version 12.00
# Visual Studio Version 18
VisualStudioVersion = 18.1.11312.151 d18.0
MinimumVisualStudioVersion = 10.0.40219.1
Project("{FAE04EC0-301F-11D3-BF4B-00C04F79EFBC}") = "LiveShot.UI", "LiveShot.UI\LiveShot.UI.csproj", "{B91F183A-DEE0-4206-BDB0-8EBFA6619EE3}"
EndProject
Project("{FAE04EC0-301F-11D3-BF4B-00C04F79EFBC}") = "LiveShot.UI.Controls", "LiveShot.UI.Controls\LiveShot.UI.Controls.csproj", "{614D45ED-910F-4785-A65C-2C6FEED363B1}"
EndProject
Project("{FAE04EC0-301F-11D3-BF4B-00C04F79EFBC}") = "LiveShot.API", "LiveShot.API\LiveShot.API.csproj", "{90390EB4-F8D3-4698-A20F-71B9CD0E851E}"
EndProject
Global
	GlobalSection(SolutionConfigurationPlatforms) = preSolution
		Debug|Any CPU = Debug|Any CPU
		Release|Any CPU = Release|Any CPU
	EndGlobalSection
	GlobalSection(ProjectConfigurationPlatforms) = postSolution
		{B91F183A-DEE0-4206-BDB0-8EBFA6619EE3}.Debug|Any CPU.ActiveCfg = Debug|Any CPU
		{B91F183A-DEE0-4206-BDB0-8EBFA6619EE3}.Debug|Any CPU.Build.0 = Debug|Any CPU
		{B91F183A-DEE0-4206-BDB0-8EBFA6619EE3}.Release|Any CPU.ActiveCfg = Release|Any CPU
		{B91F183A-DEE0-4206-BDB0-8EBFA6619EE3}.Release|Any CPU.Build.0 = Release|Any CPU
		{614D45ED-910F-4785-A65C-2C6FEED363B1}.Debug|Any CPU.ActiveCfg = Debug|Any CPU
		{614D45ED-910F-4785-A65C-2C6FEED363B1}.Debug|Any CPU.Build.0 = Debug|Any CPU
		{614D45ED-910F-4785-A65C-2C6FEED363B1}.Release|Any CPU.ActiveCfg = Release|Any CPU
		{614D45ED-910F-4785-A65C-2C6FEED363B1}.Release|Any CPU.Build.0 = Release|Any CPU
		{90390EB4-F8D3-4698-A20F-71B9CD0E851E}.Debug|Any CPU.ActiveCfg = Debug|Any CPU
		{90390EB4-F8D3-4698-A20F-71B9CD0E851E}.Debug|Any CPU.Build.0 = Debug|Any CPU
		{90390EB4-F8D3-4698-A20F-71B9CD0E851E}.Release|Any CPU.ActiveCfg = Release|Any CPU
		{90390EB4-F8D3-4698-A20F-71B9CD0E851E}.Release|Any CPU.Build.0 = Release|Any CPU
	EndGlobalSection
	GlobalSection(SolutionProperties) = preSolution
		HideSolutionNode = FALSE
	EndGlobalSection
	GlobalSection(ExtensibilityGlobals) = postSolution
		SolutionGuid = {21855105-FB5E-40A3-B2EB-F1E1F927B2A1}
	EndGlobalSection
EndGlobal
